
Microsoft Visual Studio Solution File, Format Version 12.00
# Visual Studio Version 16
VisualStudioVersion = 16.0.31515.178
MinimumVisualStudioVersion = 10.0.40219.1
Project("{FAE04EC0-301F-11D3-BF4B-00C04F79EFBC}") = "WildFireTrackerApp.Server", "WildFireTrackerApp.Server\WildFireTrackerApp.Server.csproj", "{E24929C9-6BCE-460A-8478-F1BD077D49D5}"
EndProject
Project("{FAE04EC0-301F-11D3-BF4B-00C04F79EFBC}") = "WildFireTrackerApp.Library", "WildFireTrackerApp.Library\WildFireTrackerApp.Library.csproj", "{E9378A9B-9E72-4B00-B168-525CC3DA1F6F}"
EndProject
Global
	GlobalSection(SolutionConfigurationPlatforms) = preSolution
		Debug|Any CPU = Debug|Any CPU
		Release|Any CPU = Release|Any CPU
	EndGlobalSection
	GlobalSection(ProjectConfigurationPlatforms) = postSolution
		{E24929C9-6BCE-460A-8478-F1BD077D49D5}.Debug|Any CPU.ActiveCfg = Debug|Any CPU
		{E24929C9-6BCE-460A-8478-F1BD077D49D5}.Debug|Any CPU.Build.0 = Debug|Any CPU
		{E24929C9-6BCE-460A-8478-F1BD077D49D5}.Release|Any CPU.ActiveCfg = Release|Any CPU
		{E24929C9-6BCE-460A-8478-F1BD077D49D5}.Release|Any CPU.Build.0 = Release|Any CPU
		{E9378A9B-9E72-4B00-B168-525CC3DA1F6F}.Debug|Any CPU.ActiveCfg = Debug|Any CPU
		{E9378A9B-9E72-4B00-B168-525CC3DA1F6F}.Debug|Any CPU.Build.0 = Debug|Any CPU
		{E9378A9B-9E72-4B00-B168-525CC3DA1F6F}.Release|Any CPU.ActiveCfg = Release|Any CPU
		{E9378A9B-9E72-4B00-B168-525CC3DA1F6F}.Release|Any CPU.Build.0 = Release|Any CPU
	EndGlobalSection
	GlobalSection(SolutionProperties) = preSolution
		HideSolutionNode = FALSE
	EndGlobalSection
	GlobalSection(ExtensibilityGlobals) = postSolution
		SolutionGuid = {D6F7B773-29EF-4907-8713-335FA8B51FB5}
	EndGlobalSection
EndGlobal
